
Microsoft Visual Studio Solution File, Format Version 12.00
# Visual Studio Version 17
VisualStudioVersion = 17.7.34202.233
MinimumVisualStudioVersion = 10.0.40219.1
Project("{FAE04EC0-301F-11D3-BF4B-00C04F79EFBC}") = "SimpleVideoGameLibrary.Server", "SimpleVideoGameLibrary\Server\SimpleVideoGameLibrary.Server.csproj", "{0E9BED86-6743-480C-BF10-FD63BB70AFCE}"
EndProject
Project("{FAE04EC0-301F-11D3-BF4B-00C04F79EFBC}") = "SimpleVideoGameLibrary.Client", "SimpleVideoGameLibrary\Client\SimpleVideoGameLibrary.Client.csproj", "{B567D906-AB1D-4F06-9230-97B9A6CD207D}"
EndProject
Project("{FAE04EC0-301F-11D3-BF4B-00C04F79EFBC}") = "SimpleVideoGameLibrary.Shared", "SimpleVideoGameLibrary\Shared\SimpleVideoGameLibrary.Shared.csproj", "{ED149BAC-918F-41A4-8AF9-D526B566C55F}"
EndProject
Global
	GlobalSection(SolutionConfigurationPlatforms) = preSolution
		Debug|Any CPU = Debug|Any CPU
		Release|Any CPU = Release|Any CPU
	EndGlobalSection
	GlobalSection(ProjectConfigurationPlatforms) = postSolution
		{0E9BED86-6743-480C-BF10-FD63BB70AFCE}.Debug|Any CPU.ActiveCfg = Debug|Any CPU
		{0E9BED86-6743-480C-BF10-FD63BB70AFCE}.Debug|Any CPU.Build.0 = Debug|Any CPU
		{0E9BED86-6743-480C-BF10-FD63BB70AFCE}.Release|Any CPU.ActiveCfg = Release|Any CPU
		{0E9BED86-6743-480C-BF10-FD63BB70AFCE}.Release|Any CPU.Build.0 = Release|Any CPU
		{B567D906-AB1D-4F06-9230-97B9A6CD207D}.Debug|Any CPU.ActiveCfg = Debug|Any CPU
		{B567D906-AB1D-4F06-9230-97B9A6CD207D}.Debug|Any CPU.Build.0 = Debug|Any CPU
		{B567D906-AB1D-4F06-9230-97B9A6CD207D}.Release|Any CPU.ActiveCfg = Release|Any CPU
		{B567D906-AB1D-4F06-9230-97B9A6CD207D}.Release|Any CPU.Build.0 = Release|Any CPU
		{ED149BAC-918F-41A4-8AF9-D526B566C55F}.Debug|Any CPU.ActiveCfg = Debug|Any CPU
		{ED149BAC-918F-41A4-8AF9-D526B566C55F}.Debug|Any CPU.Build.0 = Debug|Any CPU
		{ED149BAC-918F-41A4-8AF9-D526B566C55F}.Release|Any CPU.ActiveCfg = Release|Any CPU
		{ED149BAC-918F-41A4-8AF9-D526B566C55F}.Release|Any CPU.Build.0 = Release|Any CPU
	EndGlobalSection
	GlobalSection(SolutionProperties) = preSolution
		HideSolutionNode = FALSE
	EndGlobalSection
	GlobalSection(ExtensibilityGlobals) = postSolution
		SolutionGuid = {73902E54-A90A-4ED7-B900-D785BD23DB6B}
	EndGlobalSection
EndGlobal
